
Microsoft Visual Studio Solution File, Format Version 12.00
# Visual Studio 15
VisualStudioVersion = 15.0.28307.102
MinimumVisualStudioVersion = 10.0.40219.1
Project("{FAE04EC0-301F-11D3-BF4B-00C04F79EFBC}") = "IMS(User)", "IMS(User)\IMS(User).csproj", "{A5F3C5F9-2F57-4921-826F-AD9734F48814}"
EndProject
Global
	GlobalSection(SolutionConfigurationPlatforms) = preSolution
		Debug|Any CPU = Debug|Any CPU
		Release|Any CPU = Release|Any CPU
	EndGlobalSection
	GlobalSection(ProjectConfigurationPlatforms) = postSolution
		{A5F3C5F9-2F57-4921-826F-AD9734F48814}.Debug|Any CPU.ActiveCfg = Debug|Any CPU
		{A5F3C5F9-2F57-4921-826F-AD9734F48814}.Debug|Any CPU.Build.0 = Debug|Any CPU
		{A5F3C5F9-2F57-4921-826F-AD9734F48814}.Release|Any CPU.ActiveCfg = Release|Any CPU
		{A5F3C5F9-2F57-4921-826F-AD9734F48814}.Release|Any CPU.Build.0 = Release|Any CPU
	EndGlobalSection
	GlobalSection(SolutionProperties) = preSolution
		HideSolutionNode = FALSE
	EndGlobalSection
	GlobalSection(ExtensibilityGlobals) = postSolution
		SolutionGuid = {98B4BBB0-6935-4FC9-A065-A7B453CB69F7}
	EndGlobalSection
EndGlobal
